
Microsoft Visual Studio Solution File, Format Version 12.00
# Visual Studio 2015
Project("{FAE04EC0-301F-11D3-BF4B-00C04F79EFBC}") = "Flocking_Meeks.CSharp", "Flocking_Meeks.CSharp.csproj", "{479DDFD9-F704-B62B-B470-D26D55E4EC8B}"
EndProject
Global
	GlobalSection(SolutionConfigurationPlatforms) = preSolution
		Debug|Any CPU = Debug|Any CPU
		Release|Any CPU = Release|Any CPU
	EndGlobalSection
	GlobalSection(ProjectConfigurationPlatforms) = postSolution
		{479DDFD9-F704-B62B-B470-D26D55E4EC8B}.Debug|Any CPU.ActiveCfg = Debug|Any CPU
		{479DDFD9-F704-B62B-B470-D26D55E4EC8B}.Debug|Any CPU.Build.0 = Debug|Any CPU
		{479DDFD9-F704-B62B-B470-D26D55E4EC8B}.Release|Any CPU.ActiveCfg = Release|Any CPU
		{479DDFD9-F704-B62B-B470-D26D55E4EC8B}.Release|Any CPU.Build.0 = Release|Any CPU
	EndGlobalSection
	GlobalSection(SolutionProperties) = preSolution
		HideSolutionNode = FALSE
	EndGlobalSection
EndGlobal
